
Microsoft Visual Studio Solution File, Format Version 12.00
# Visual Studio 2012
Project("{FAE04EC0-301F-11D3-BF4B-00C04F79EFBC}") = "Tobacco", "Tobacco\Tobacco.csproj", "{0539F21E-9D6D-4515-9AD0-F9BEDF592A84}"
EndProject
Project("{FAE04EC0-301F-11D3-BF4B-00C04F79EFBC}") = "Tobacco.Test", "Tobacco.Test\Tobacco.Test.csproj", "{C68DED27-A119-45F7-8B61-366AA504C15D}"
EndProject
Project("{2150E333-8FDC-42A3-9474-1A3956D46DE8}") = ".nuget", ".nuget", "{9E43CA4A-FF72-41C3-A47E-16FAA95D1465}"
	ProjectSection(SolutionItems) = preProject
		.nuget\NuGet.Config = .nuget\NuGet.Config
		.nuget\NuGet.exe = .nuget\NuGet.exe
		.nuget\NuGet.targets = .nuget\NuGet.targets
	EndProjectSection
EndProject
Project("{2150E333-8FDC-42A3-9474-1A3956D46DE8}") = ".common", ".common", "{85F09433-B929-4EC6-9D7C-E40352270C7D}"
	ProjectSection(SolutionItems) = preProject
		.common\VersionInfo.cs = .common\VersionInfo.cs
	EndProjectSection
EndProject
Global
	GlobalSection(SolutionConfigurationPlatforms) = preSolution
		Debug|Any CPU = Debug|Any CPU
		Release|Any CPU = Release|Any CPU
	EndGlobalSection
	GlobalSection(ProjectConfigurationPlatforms) = postSolution
		{0539F21E-9D6D-4515-9AD0-F9BEDF592A84}.Debug|Any CPU.ActiveCfg = Debug|Any CPU
		{0539F21E-9D6D-4515-9AD0-F9BEDF592A84}.Debug|Any CPU.Build.0 = Debug|Any CPU
		{0539F21E-9D6D-4515-9AD0-F9BEDF592A84}.Release|Any CPU.ActiveCfg = Release|Any CPU
		{0539F21E-9D6D-4515-9AD0-F9BEDF592A84}.Release|Any CPU.Build.0 = Release|Any CPU
		{C68DED27-A119-45F7-8B61-366AA504C15D}.Debug|Any CPU.ActiveCfg = Debug|Any CPU
		{C68DED27-A119-45F7-8B61-366AA504C15D}.Debug|Any CPU.Build.0 = Debug|Any CPU
		{C68DED27-A119-45F7-8B61-366AA504C15D}.Release|Any CPU.ActiveCfg = Release|Any CPU
		{C68DED27-A119-45F7-8B61-366AA504C15D}.Release|Any CPU.Build.0 = Release|Any CPU
	EndGlobalSection
	GlobalSection(SolutionProperties) = preSolution
		HideSolutionNode = FALSE
	EndGlobalSection
EndGlobal
